
Microsoft Visual Studio Solution File, Format Version 12.00
# Visual Studio Version 17
VisualStudioVersion = 17.8.34330.188
MinimumVisualStudioVersion = 10.0.40219.1
Project("{FAE04EC0-301F-11D3-BF4B-00C04F79EFBC}") = "ReviewsBook_RazorPages", "ReviewsBook_RazorPages\ReviewsBook_RazorPages.csproj", "{600995E2-6F29-432F-946F-F998368282B2}"
EndProject
Global
	GlobalSection(SolutionConfigurationPlatforms) = preSolution
		Debug|Any CPU = Debug|Any CPU
		Release|Any CPU = Release|Any CPU
	EndGlobalSection
	GlobalSection(ProjectConfigurationPlatforms) = postSolution
		{600995E2-6F29-432F-946F-F998368282B2}.Debug|Any CPU.ActiveCfg = Debug|Any CPU
		{600995E2-6F29-432F-946F-F998368282B2}.Debug|Any CPU.Build.0 = Debug|Any CPU
		{600995E2-6F29-432F-946F-F998368282B2}.Release|Any CPU.ActiveCfg = Release|Any CPU
		{600995E2-6F29-432F-946F-F998368282B2}.Release|Any CPU.Build.0 = Release|Any CPU
	EndGlobalSection
	GlobalSection(SolutionProperties) = preSolution
		HideSolutionNode = FALSE
	EndGlobalSection
	GlobalSection(ExtensibilityGlobals) = postSolution
		SolutionGuid = {B0BB6C56-C367-4C08-A6FE-EA85F37BB2E6}
	EndGlobalSection
EndGlobal
